
Microsoft Visual Studio Solution File, Format Version 12.00
# Visual Studio 15
VisualStudioVersion = 15.0.28307.168
MinimumVisualStudioVersion = 10.0.40219.1
Project("{9A19103F-16F7-4668-BE54-9A1E7A4F7556}") = "SignalR.Pipes", "src\SignalR.Pipes\SignalR.Pipes.csproj", "{9ECE1641-E7F6-4ECD-B081-8A89BA5CBFB0}"
EndProject
Project("{9A19103F-16F7-4668-BE54-9A1E7A4F7556}") = "SignalR.Pipes.Common", "src\SignalR.Pipes.Common\SignalR.Pipes.Common.csproj", "{ED122B76-753C-4007-B9FD-04418310B99B}"
EndProject
Project("{9A19103F-16F7-4668-BE54-9A1E7A4F7556}") = "SignalR.Pipes.Client", "src\SignalR.Pipes.Client\SignalR.Pipes.Client.csproj", "{BFCD52FB-7D82-4D04-A631-418FD98CB447}"
EndProject
Project("{2150E333-8FDC-42A3-9474-1A3956D46DE8}") = "src", "src", "{FDC2C9B7-EF6C-4091-ABBA-8A1C25D1DADE}"
EndProject
Project("{2150E333-8FDC-42A3-9474-1A3956D46DE8}") = "tests", "tests", "{30F2D509-0378-46D6-96CB-CA1CC01E2FD9}"
EndProject
Project("{9A19103F-16F7-4668-BE54-9A1E7A4F7556}") = "SignalR.Pipes.Common.Tests", "tests\SignalR.Pipes.Common.Tests\SignalR.Pipes.Common.Tests.csproj", "{2D34B227-07A5-4D74-B859-DE2535FB8CB7}"
EndProject
Project("{9A19103F-16F7-4668-BE54-9A1E7A4F7556}") = "SignalR.Pipes.IntegrationTests", "tests\SignalR.Pipes.IntegrationTests\SignalR.Pipes.IntegrationTests.csproj", "{721AD078-960C-4B7A-A9C8-59D3174A723F}"
EndProject
Global
	GlobalSection(SolutionConfigurationPlatforms) = preSolution
		Debug|Any CPU = Debug|Any CPU
		Release|Any CPU = Release|Any CPU
	EndGlobalSection
	GlobalSection(ProjectConfigurationPlatforms) = postSolution
		{9ECE1641-E7F6-4ECD-B081-8A89BA5CBFB0}.Debug|Any CPU.ActiveCfg = Debug|Any CPU
		{9ECE1641-E7F6-4ECD-B081-8A89BA5CBFB0}.Debug|Any CPU.Build.0 = Debug|Any CPU
		{9ECE1641-E7F6-4ECD-B081-8A89BA5CBFB0}.Release|Any CPU.ActiveCfg = Release|Any CPU
		{9ECE1641-E7F6-4ECD-B081-8A89BA5CBFB0}.Release|Any CPU.Build.0 = Release|Any CPU
		{ED122B76-753C-4007-B9FD-04418310B99B}.Debug|Any CPU.ActiveCfg = Debug|Any CPU
		{ED122B76-753C-4007-B9FD-04418310B99B}.Debug|Any CPU.Build.0 = Debug|Any CPU
		{ED122B76-753C-4007-B9FD-04418310B99B}.Release|Any CPU.ActiveCfg = Release|Any CPU
		{ED122B76-753C-4007-B9FD-04418310B99B}.Release|Any CPU.Build.0 = Release|Any CPU
		{BFCD52FB-7D82-4D04-A631-418FD98CB447}.Debug|Any CPU.ActiveCfg = Debug|Any CPU
		{BFCD52FB-7D82-4D04-A631-418FD98CB447}.Debug|Any CPU.Build.0 = Debug|Any CPU
		{BFCD52FB-7D82-4D04-A631-418FD98CB447}.Release|Any CPU.ActiveCfg = Release|Any CPU
		{BFCD52FB-7D82-4D04-A631-418FD98CB447}.Release|Any CPU.Build.0 = Release|Any CPU
		{2D34B227-07A5-4D74-B859-DE2535FB8CB7}.Debug|Any CPU.ActiveCfg = Debug|Any CPU
		{2D34B227-07A5-4D74-B859-DE2535FB8CB7}.Debug|Any CPU.Build.0 = Debug|Any CPU
		{2D34B227-07A5-4D74-B859-DE2535FB8CB7}.Release|Any CPU.ActiveCfg = Release|Any CPU
		{2D34B227-07A5-4D74-B859-DE2535FB8CB7}.Release|Any CPU.Build.0 = Release|Any CPU
		{721AD078-960C-4B7A-A9C8-59D3174A723F}.Debug|Any CPU.ActiveCfg = Debug|Any CPU
		{721AD078-960C-4B7A-A9C8-59D3174A723F}.Debug|Any CPU.Build.0 = Debug|Any CPU
		{721AD078-960C-4B7A-A9C8-59D3174A723F}.Release|Any CPU.ActiveCfg = Release|Any CPU
		{721AD078-960C-4B7A-A9C8-59D3174A723F}.Release|Any CPU.Build.0 = Release|Any CPU
	EndGlobalSection
	GlobalSection(SolutionProperties) = preSolution
		HideSolutionNode = FALSE
	EndGlobalSection
	GlobalSection(NestedProjects) = preSolution
		{9ECE1641-E7F6-4ECD-B081-8A89BA5CBFB0} = {FDC2C9B7-EF6C-4091-ABBA-8A1C25D1DADE}
		{ED122B76-753C-4007-B9FD-04418310B99B} = {FDC2C9B7-EF6C-4091-ABBA-8A1C25D1DADE}
		{BFCD52FB-7D82-4D04-A631-418FD98CB447} = {FDC2C9B7-EF6C-4091-ABBA-8A1C25D1DADE}
		{2D34B227-07A5-4D74-B859-DE2535FB8CB7} = {30F2D509-0378-46D6-96CB-CA1CC01E2FD9}
		{721AD078-960C-4B7A-A9C8-59D3174A723F} = {30F2D509-0378-46D6-96CB-CA1CC01E2FD9}
	EndGlobalSection
	GlobalSection(ExtensibilityGlobals) = postSolution
		SolutionGuid = {053AC4EE-A3FB-4041-A5FC-F30559923FB0}
	EndGlobalSection
EndGlobal
